// !$*UTF8*$!
{
	archiveVersion = 1;
	classes = {
	};
	objectVersion = 51;
	objects = {

/* Begin PBXBuildFile section */
		1703355F2353908B00726458 /* Reviews.swift in Sources */ = {isa = PBXBuildFile; fileRef = 1703355E2353908B00726458 /* Reviews.swift */; };
		172A1CE322C920D30049AEEC /* AppDelegate.swift in Sources */ = {isa = PBXBuildFile; fileRef = 172A1CE222C920D30049AEEC /* AppDelegate.swift */; };
		172A1CE822C920D30049AEEC /* Main.storyboard in Resources */ = {isa = PBXBuildFile; fileRef = 172A1CE622C920D30049AEEC /* Main.storyboard */; };
		172A1CEA22C920D70049AEEC /* Assets.xcassets in Resources */ = {isa = PBXBuildFile; fileRef = 172A1CE922C920D70049AEEC /* Assets.xcassets */; };
		172A1CED22C920D70049AEEC /* LaunchScreen.storyboard in Resources */ = {isa = PBXBuildFile; fileRef = 172A1CEB22C920D70049AEEC /* LaunchScreen.storyboard */; };
		172A1CF522C921C10049AEEC /* BaseTabBarController.swift in Sources */ = {isa = PBXBuildFile; fileRef = 172A1CF422C921C10049AEEC /* BaseTabBarController.swift */; };
		172A1CF822CA54910049AEEC /* AppsSearchViewControllerCollectionViewController.swift in Sources */ = {isa = PBXBuildFile; fileRef = 172A1CF722CA54910049AEEC /* AppsSearchViewControllerCollectionViewController.swift */; };
		172A1CFB22CA73E90049AEEC /* AppsSearchCell.swift in Sources */ = {isa = PBXBuildFile; fileRef = 172A1CFA22CA73E90049AEEC /* AppsSearchCell.swift */; };
		172DA33E2322DFCD0016B476 /* AppGroup.swift in Sources */ = {isa = PBXBuildFile; fileRef = 172DA33D2322DFCD0016B476 /* AppGroup.swift */; };
		172DA34023294E000016B476 /* SocialApp.swift in Sources */ = {isa = PBXBuildFile; fileRef = 172DA33F23294E000016B476 /* SocialApp.swift */; };
		1749623A22DAFF370086C1F2 /* UIView+Layout.swift in Sources */ = {isa = PBXBuildFile; fileRef = 1749623922DAFF370086C1F2 /* UIView+Layout.swift */; };
		1749623C22DB06440086C1F2 /* VerticalStackView.swift in Sources */ = {isa = PBXBuildFile; fileRef = 1749623B22DB06440086C1F2 /* VerticalStackView.swift */; };
		1749623F22DCE7A70086C1F2 /* SearchResult.swift in Sources */ = {isa = PBXBuildFile; fileRef = 1749623E22DCE7A70086C1F2 /* SearchResult.swift */; };
		1749624222DE5C900086C1F2 /* Service.swift in Sources */ = {isa = PBXBuildFile; fileRef = 1749624122DE5C900086C1F2 /* Service.swift */; };
		175FDF562343A0F900DDDA17 /* PreviewCell.swift in Sources */ = {isa = PBXBuildFile; fileRef = 175FDF552343A0F800DDDA17 /* PreviewCell.swift */; };
		175FDF582343A61700DDDA17 /* PreviewScreenshotController.swift in Sources */ = {isa = PBXBuildFile; fileRef = 175FDF572343A61700DDDA17 /* PreviewScreenshotController.swift */; };
		175FDF5A2344F14400DDDA17 /* ReviewRowCell.swift in Sources */ = {isa = PBXBuildFile; fileRef = 175FDF592344F14400DDDA17 /* ReviewRowCell.swift */; };
		175FDF5C2344F30700DDDA17 /* ReviewController.swift in Sources */ = {isa = PBXBuildFile; fileRef = 175FDF5B2344F30700DDDA17 /* ReviewController.swift */; };
		175FDF5E2344F47400DDDA17 /* ReviewCell.swift in Sources */ = {isa = PBXBuildFile; fileRef = 175FDF5D2344F47400DDDA17 /* ReviewCell.swift */; };
		17C09B46231D7D4B00FFE6B1 /* AppsController.swift in Sources */ = {isa = PBXBuildFile; fileRef = 17C09B45231D7D4B00FFE6B1 /* AppsController.swift */; };
		17C09B48231D7D5D00FFE6B1 /* BaseListController.swift in Sources */ = {isa = PBXBuildFile; fileRef = 17C09B47231D7D5D00FFE6B1 /* BaseListController.swift */; };
		17C09B4C231D7FA200FFE6B1 /* AppsGroupCell.swift in Sources */ = {isa = PBXBuildFile; fileRef = 17C09B4B231D7FA200FFE6B1 /* AppsGroupCell.swift */; };
		17C09B4E231D83DB00FFE6B1 /* AppsHorizontalController.swift in Sources */ = {isa = PBXBuildFile; fileRef = 17C09B4D231D83DB00FFE6B1 /* AppsHorizontalController.swift */; };
		17C09B50231ED5D400FFE6B1 /* AppRowCell.swift in Sources */ = {isa = PBXBuildFile; fileRef = 17C09B4F231ED5D400FFE6B1 /* AppRowCell.swift */; };
		17C09B52231EE1E800FFE6B1 /* Extensions.swift in Sources */ = {isa = PBXBuildFile; fileRef = 17C09B51231EE1E800FFE6B1 /* Extensions.swift */; };
		17C09B5423200DE000FFE6B1 /* AppsPageHeader.swift in Sources */ = {isa = PBXBuildFile; fileRef = 17C09B5323200DE000FFE6B1 /* AppsPageHeader.swift */; };
		17C09B56232010AB00FFE6B1 /* AppsHeaderHorizontalController.swift in Sources */ = {isa = PBXBuildFile; fileRef = 17C09B55232010AB00FFE6B1 /* AppsHeaderHorizontalController.swift */; };
		17C09B58232011F800FFE6B1 /* AppHeaderCell.swift in Sources */ = {isa = PBXBuildFile; fileRef = 17C09B57232011F800FFE6B1 /* AppHeaderCell.swift */; };
		17D5B1BE233D149F00925E0B /* HorizontalSnappingController.swift in Sources */ = {isa = PBXBuildFile; fileRef = 17D5B1BD233D149F00925E0B /* HorizontalSnappingController.swift */; };
		17D5B1C0233D198E00925E0B /* BetterSnappingLayout.swift in Sources */ = {isa = PBXBuildFile; fileRef = 17D5B1BF233D198D00925E0B /* BetterSnappingLayout.swift */; };
		17D5B1C3233F905000925E0B /* AppDetailController.swift in Sources */ = {isa = PBXBuildFile; fileRef = 17D5B1C2233F905000925E0B /* AppDetailController.swift */; };
		17D5B1C6233F9ABF00925E0B /* AppDetailCell.swift in Sources */ = {isa = PBXBuildFile; fileRef = 17D5B1C5233F9ABF00925E0B /* AppDetailCell.swift */; };
		F7DE3099876885770FE109A7 /* Pods_AppStoreJsonApi.framework in Frameworks */ = {isa = PBXBuildFile; fileRef = 0E52E864E317DEBDE53E041F /* Pods_AppStoreJsonApi.framework */; };
/* End PBXBuildFile section */

/* Begin PBXFileReference section */
		0E52E864E317DEBDE53E041F /* Pods_AppStoreJsonApi.framework */ = {isa = PBXFileReference; explicitFileType = wrapper.framework; includeInIndex = 0; path = Pods_AppStoreJsonApi.framework; sourceTree = BUILT_PRODUCTS_DIR; };
		1703355E2353908B00726458 /* Reviews.swift */ = {isa = PBXFileReference; lastKnownFileType = sourcecode.swift; path = Reviews.swift; sourceTree = "<group>"; };
		172A1CDF22C920D20049AEEC /* AppStoreJsonApi.app */ = {isa = PBXFileReference; explicitFileType = wrapper.application; includeInIndex = 0; path = AppStoreJsonApi.app; sourceTree = BUILT_PRODUCTS_DIR; };
		172A1CE222C920D30049AEEC /* AppDelegate.swift */ = {isa = PBXFileReference; lastKnownFileType = sourcecode.swift; path = AppDelegate.swift; sourceTree = "<group>"; };
		172A1CE722C920D30049AEEC /* Base */ = {isa = PBXFileReference; lastKnownFileType = file.storyboard; name = Base; path = Base.lproj/Main.storyboard; sourceTree = "<group>"; };
		172A1CE922C920D70049AEEC /* Assets.xcassets */ = {isa = PBXFileReference; lastKnownFileType = folder.assetcatalog; path = Assets.xcassets; sourceTree = "<group>"; };
		172A1CEC22C920D70049AEEC /* Base */ = {isa = PBXFileReference; lastKnownFileType = file.storyboard; name = Base; path = Base.lproj/LaunchScreen.storyboard; sourceTree = "<group>"; };
		172A1CEE22C920D70049AEEC /* Info.plist */ = {isa = PBXFileReference; lastKnownFileType = text.plist.xml; path = Info.plist; sourceTree = "<group>"; };
		172A1CF422C921C10049AEEC /* BaseTabBarController.swift */ = {isa = PBXFileReference; lastKnownFileType = sourcecode.swift; path = BaseTabBarController.swift; sourceTree = "<group>"; };
		172A1CF722CA54910049AEEC /* AppsSearchViewControllerCollectionViewController.swift */ = {isa = PBXFileReference; lastKnownFileType = sourcecode.swift; path = AppsSearchViewControllerCollectionViewController.swift; sourceTree = "<group>"; };
		172A1CFA22CA73E90049AEEC /* AppsSearchCell.swift */ = {isa = PBXFileReference; lastKnownFileType = sourcecode.swift; path = AppsSearchCell.swift; sourceTree = "<group>"; };
		172DA33D2322DFCD0016B476 /* AppGroup.swift */ = {isa = PBXFileReference; lastKnownFileType = sourcecode.swift; path = AppGroup.swift; sourceTree = "<group>"; };
		172DA33F23294E000016B476 /* SocialApp.swift */ = {isa = PBXFileReference; lastKnownFileType = sourcecode.swift; path = SocialApp.swift; sourceTree = "<group>"; };
		1749623922DAFF370086C1F2 /* UIView+Layout.swift */ = {isa = PBXFileReference; fileEncoding = 4; lastKnownFileType = sourcecode.swift; path = "UIView+Layout.swift"; sourceTree = "<group>"; };
		1749623B22DB06440086C1F2 /* VerticalStackView.swift */ = {isa = PBXFileReference; lastKnownFileType = sourcecode.swift; path = VerticalStackView.swift; sourceTree = "<group>"; };
		1749623E22DCE7A70086C1F2 /* SearchResult.swift */ = {isa = PBXFileReference; lastKnownFileType = sourcecode.swift; path = SearchResult.swift; sourceTree = "<group>"; };
		1749624122DE5C900086C1F2 /* Service.swift */ = {isa = PBXFileReference; lastKnownFileType = sourcecode.swift; path = Service.swift; sourceTree = "<group>"; };
		175FDF552343A0F800DDDA17 /* PreviewCell.swift */ = {isa = PBXFileReference; lastKnownFileType = sourcecode.swift; path = PreviewCell.swift; sourceTree = "<group>"; };
		175FDF572343A61700DDDA17 /* PreviewScreenshotController.swift */ = {isa = PBXFileReference; lastKnownFileType = sourcecode.swift; path = PreviewScreenshotController.swift; sourceTree = "<group>"; };
		175FDF592344F14400DDDA17 /* ReviewRowCell.swift */ = {isa = PBXFileReference; lastKnownFileType = sourcecode.swift; path = ReviewRowCell.swift; sourceTree = "<group>"; };
		175FDF5B2344F30700DDDA17 /* ReviewController.swift */ = {isa = PBXFileReference; lastKnownFileType = sourcecode.swift; path = ReviewController.swift; sourceTree = "<group>"; };
		175FDF5D2344F47400DDDA17 /* ReviewCell.swift */ = {isa = PBXFileReference; lastKnownFileType = sourcecode.swift; path = ReviewCell.swift; sourceTree = "<group>"; };
		17C09B45231D7D4B00FFE6B1 /* AppsController.swift */ = {isa = PBXFileReference; lastKnownFileType = sourcecode.swift; path = AppsController.swift; sourceTree = "<group>"; };
		17C09B47231D7D5D00FFE6B1 /* BaseListController.swift */ = {isa = PBXFileReference; lastKnownFileType = sourcecode.swift; path = BaseListController.swift; sourceTree = "<group>"; };
		17C09B4B231D7FA200FFE6B1 /* AppsGroupCell.swift */ = {isa = PBXFileReference; lastKnownFileType = sourcecode.swift; path = AppsGroupCell.swift; sourceTree = "<group>"; };
		17C09B4D231D83DB00FFE6B1 /* AppsHorizontalController.swift */ = {isa = PBXFileReference; lastKnownFileType = sourcecode.swift; path = AppsHorizontalController.swift; sourceTree = "<group>"; };
		17C09B4F231ED5D400FFE6B1 /* AppRowCell.swift */ = {isa = PBXFileReference; lastKnownFileType = sourcecode.swift; path = AppRowCell.swift; sourceTree = "<group>"; };
		17C09B51231EE1E800FFE6B1 /* Extensions.swift */ = {isa = PBXFileReference; lastKnownFileType = sourcecode.swift; path = Extensions.swift; sourceTree = "<group>"; };
		17C09B5323200DE000FFE6B1 /* AppsPageHeader.swift */ = {isa = PBXFileReference; lastKnownFileType = sourcecode.swift; path = AppsPageHeader.swift; sourceTree = "<group>"; };
		17C09B55232010AB00FFE6B1 /* AppsHeaderHorizontalController.swift */ = {isa = PBXFileReference; lastKnownFileType = sourcecode.swift; path = AppsHeaderHorizontalController.swift; sourceTree = "<group>"; };
		17C09B57232011F800FFE6B1 /* AppHeaderCell.swift */ = {isa = PBXFileReference; lastKnownFileType = sourcecode.swift; path = AppHeaderCell.swift; sourceTree = "<group>"; };
		17D5B1BD233D149F00925E0B /* HorizontalSnappingController.swift */ = {isa = PBXFileReference; lastKnownFileType = sourcecode.swift; path = HorizontalSnappingController.swift; sourceTree = "<group>"; };
		17D5B1BF233D198D00925E0B /* BetterSnappingLayout.swift */ = {isa = PBXFileReference; fileEncoding = 4; lastKnownFileType = sourcecode.swift; path = BetterSnappingLayout.swift; sourceTree = "<group>"; };
		17D5B1C2233F905000925E0B /* AppDetailController.swift */ = {isa = PBXFileReference; lastKnownFileType = sourcecode.swift; path = AppDetailController.swift; sourceTree = "<group>"; };
		17D5B1C5233F9ABF00925E0B /* AppDetailCell.swift */ = {isa = PBXFileReference; lastKnownFileType = sourcecode.swift; path = AppDetailCell.swift; sourceTree = "<group>"; };
		694596B772088E48D8A87565 /* Pods-AppStoreJsonApi.debug.xcconfig */ = {isa = PBXFileReference; includeInIndex = 1; lastKnownFileType = text.xcconfig; name = "Pods-AppStoreJsonApi.debug.xcconfig"; path = "Target Support Files/Pods-AppStoreJsonApi/Pods-AppStoreJsonApi.debug.xcconfig"; sourceTree = "<group>"; };
		C2C6C3E7BE050C08736E953D /* Pods-AppStoreJsonApi.release.xcconfig */ = {isa = PBXFileReference; includeInIndex = 1; lastKnownFileType = text.xcconfig; name = "Pods-AppStoreJsonApi.release.xcconfig"; path = "Target Support Files/Pods-AppStoreJsonApi/Pods-AppStoreJsonApi.release.xcconfig"; sourceTree = "<group>"; };
/* End PBXFileReference section */

/* Begin PBXFrameworksBuildPhase section */
		172A1CDC22C920D20049AEEC /* Frameworks */ = {
			isa = PBXFrameworksBuildPhase;
			buildActionMask = 2147483647;
			files = (
				F7DE3099876885770FE109A7 /* Pods_AppStoreJsonApi.framework in Frameworks */,
			);
			runOnlyForDeploymentPostprocessing = 0;
		};
/* End PBXFrameworksBuildPhase section */

/* Begin PBXGroup section */
		172A1CD622C920D20049AEEC = {
			isa = PBXGroup;
			children = (
				172A1CE122C920D30049AEEC /* AppStoreJsonApi */,
				172A1CE022C920D20049AEEC /* Products */,
				39307EB4038C0E0BCA1A0C1C /* Pods */,
				B010F6DD67EFC4EE05A8CC0B /* Frameworks */,
			);
			sourceTree = "<group>";
		};
		172A1CE022C920D20049AEEC /* Products */ = {
			isa = PBXGroup;
			children = (
				172A1CDF22C920D20049AEEC /* AppStoreJsonApi.app */,
			);
			name = Products;
			sourceTree = "<group>";
		};
		172A1CE122C920D30049AEEC /* AppStoreJsonApi */ = {
			isa = PBXGroup;
			children = (
				1749624022DE5C840086C1F2 /* Service */,
				1749623D22DCE7920086C1F2 /* Model */,
				1749623822DAFF180086C1F2 /* Helpers */,
				172A1CF922CA73BC0049AEEC /* Views */,
				172A1CF622CA546D0049AEEC /* Controller */,
				172A1CE222C920D30049AEEC /* AppDelegate.swift */,
				172A1CE622C920D30049AEEC /* Main.storyboard */,
				172A1CE922C920D70049AEEC /* Assets.xcassets */,
				172A1CEB22C920D70049AEEC /* LaunchScreen.storyboard */,
				172A1CEE22C920D70049AEEC /* Info.plist */,
				172A1CF422C921C10049AEEC /* BaseTabBarController.swift */,
			);
			path = AppStoreJsonApi;
			sourceTree = "<group>";
		};
		172A1CF622CA546D0049AEEC /* Controller */ = {
			isa = PBXGroup;
			children = (
				17C09B44231D7D3700FFE6B1 /* Search */,
				17C09B43231D7D2D00FFE6B1 /* Apps */,
				17C09B47231D7D5D00FFE6B1 /* BaseListController.swift */,
				17D5B1BD233D149F00925E0B /* HorizontalSnappingController.swift */,
			);
			path = Controller;
			sourceTree = "<group>";
		};
		172A1CF922CA73BC0049AEEC /* Views */ = {
			isa = PBXGroup;
			children = (
				17C09B4A231D7F8A00FFE6B1 /* Apps */,
				17C09B49231D7F8200FFE6B1 /* Search */,
			);
			path = Views;
			sourceTree = "<group>";
		};
		1749623822DAFF180086C1F2 /* Helpers */ = {
			isa = PBXGroup;
			children = (
				1749623922DAFF370086C1F2 /* UIView+Layout.swift */,
				1749623B22DB06440086C1F2 /* VerticalStackView.swift */,
				17C09B51231EE1E800FFE6B1 /* Extensions.swift */,
				17D5B1BF233D198D00925E0B /* BetterSnappingLayout.swift */,
			);
			path = Helpers;
			sourceTree = "<group>";
		};
		1749623D22DCE7920086C1F2 /* Model */ = {
			isa = PBXGroup;
			children = (
				1749623E22DCE7A70086C1F2 /* SearchResult.swift */,
				172DA33D2322DFCD0016B476 /* AppGroup.swift */,
				172DA33F23294E000016B476 /* SocialApp.swift */,
				1703355E2353908B00726458 /* Reviews.swift */,
			);
			path = Model;
			sourceTree = "<group>";
		};
		1749624022DE5C840086C1F2 /* Service */ = {
			isa = PBXGroup;
			children = (
				1749624122DE5C900086C1F2 /* Service.swift */,
			);
			path = Service;
			sourceTree = "<group>";
		};
		17C09B43231D7D2D00FFE6B1 /* Apps */ = {
			isa = PBXGroup;
			children = (
				17D5B1C1233F904100925E0B /* Details */,
				17C09B45231D7D4B00FFE6B1 /* AppsController.swift */,
				17C09B4D231D83DB00FFE6B1 /* AppsHorizontalController.swift */,
				17C09B55232010AB00FFE6B1 /* AppsHeaderHorizontalController.swift */,
			);
			path = Apps;
			sourceTree = "<group>";
		};
		17C09B44231D7D3700FFE6B1 /* Search */ = {
			isa = PBXGroup;
			children = (
				172A1CF722CA54910049AEEC /* AppsSearchViewControllerCollectionViewController.swift */,
			);
			path = Search;
			sourceTree = "<group>";
		};
		17C09B49231D7F8200FFE6B1 /* Search */ = {
			isa = PBXGroup;
			children = (
				172A1CFA22CA73E90049AEEC /* AppsSearchCell.swift */,
			);
			path = Search;
			sourceTree = "<group>";
		};
		17C09B4A231D7F8A00FFE6B1 /* Apps */ = {
			isa = PBXGroup;
			children = (
				17D5B1C4233F94CF00925E0B /* Details */,
				17C09B4B231D7FA200FFE6B1 /* AppsGroupCell.swift */,
				17C09B4F231ED5D400FFE6B1 /* AppRowCell.swift */,
				17C09B5323200DE000FFE6B1 /* AppsPageHeader.swift */,
				17C09B57232011F800FFE6B1 /* AppHeaderCell.swift */,
			);
			path = Apps;
			sourceTree = "<group>";
		};
		17D5B1C1233F904100925E0B /* Details */ = {
			isa = PBXGroup;
			children = (
				17D5B1C2233F905000925E0B /* AppDetailController.swift */,
				175FDF572343A61700DDDA17 /* PreviewScreenshotController.swift */,
				175FDF5B2344F30700DDDA17 /* ReviewController.swift */,
			);
			path = Details;
			sourceTree = "<group>";
		};
		17D5B1C4233F94CF00925E0B /* Details */ = {
			isa = PBXGroup;
			children = (
				17D5B1C5233F9ABF00925E0B /* AppDetailCell.swift */,
				175FDF5D2344F47400DDDA17 /* ReviewCell.swift */,
				175FDF592344F14400DDDA17 /* ReviewRowCell.swift */,
				175FDF552343A0F800DDDA17 /* PreviewCell.swift */,
			);
			path = Details;
			sourceTree = "<group>";
		};
		39307EB4038C0E0BCA1A0C1C /* Pods */ = {
			isa = PBXGroup;
			children = (
				694596B772088E48D8A87565 /* Pods-AppStoreJsonApi.debug.xcconfig */,
				C2C6C3E7BE050C08736E953D /* Pods-AppStoreJsonApi.release.xcconfig */,
			);
			path = Pods;
			sourceTree = "<group>";
		};
		B010F6DD67EFC4EE05A8CC0B /* Frameworks */ = {
			isa = PBXGroup;
			children = (
				0E52E864E317DEBDE53E041F /* Pods_AppStoreJsonApi.framework */,
			);
			name = Frameworks;
			sourceTree = "<group>";
		};
/* End PBXGroup section */

/* Begin PBXNativeTarget section */
		172A1CDE22C920D20049AEEC /* AppStoreJsonApi */ = {
			isa = PBXNativeTarget;
			buildConfigurationList = 172A1CF122C920D70049AEEC /* Build configuration list for PBXNativeTarget "AppStoreJsonApi" */;
			buildPhases = (
				BD4D26DF6B6CBFAE373E6A12 /* [CP] Check Pods Manifest.lock */,
				172A1CDB22C920D20049AEEC /* Sources */,
				172A1CDC22C920D20049AEEC /* Frameworks */,
				172A1CDD22C920D20049AEEC /* Resources */,
				E6231E5C2E19139F7EB092B6 /* [CP] Embed Pods Frameworks */,
			);
			buildRules = (
			);
			dependencies = (
			);
			name = AppStoreJsonApi;
			productName = AppStoreJsonApi;
			productReference = 172A1CDF22C920D20049AEEC /* AppStoreJsonApi.app */;
			productType = "com.apple.product-type.application";
		};
/* End PBXNativeTarget section */

/* Begin PBXProject section */
		172A1CD722C920D20049AEEC /* Project object */ = {
			isa = PBXProject;
			attributes = {
				LastSwiftUpdateCheck = 1020;
				LastUpgradeCheck = 1020;
				ORGANIZATIONNAME = RokurouC;
				TargetAttributes = {
					172A1CDE22C920D20049AEEC = {
						CreatedOnToolsVersion = 10.2.1;
					};
				};
			};
			buildConfigurationList = 172A1CDA22C920D20049AEEC /* Build configuration list for PBXProject "AppStoreJsonApi" */;
			compatibilityVersion = "Xcode 9.3";
			developmentRegion = en;
			hasScannedForEncodings = 0;
			knownRegions = (
				en,
				Base,
			);
			mainGroup = 172A1CD622C920D20049AEEC;
			productRefGroup = 172A1CE022C920D20049AEEC /* Products */;
			projectDirPath = "";
			projectRoot = "";
			targets = (
				172A1CDE22C920D20049AEEC /* AppStoreJsonApi */,
			);
		};
/* End PBXProject section */

/* Begin PBXResourcesBuildPhase section */
		172A1CDD22C920D20049AEEC /* Resources */ = {
			isa = PBXResourcesBuildPhase;
			buildActionMask = 2147483647;
			files = (
				172A1CED22C920D70049AEEC /* LaunchScreen.storyboard in Resources */,
				172A1CEA22C920D70049AEEC /* Assets.xcassets in Resources */,
				172A1CE822C920D30049AEEC /* Main.storyboard in Resources */,
			);
			runOnlyForDeploymentPostprocessing = 0;
		};
/* End PBXResourcesBuildPhase section */

/* Begin PBXShellScriptBuildPhase section */
		BD4D26DF6B6CBFAE373E6A12 /* [CP] Check Pods Manifest.lock */ = {
			isa = PBXShellScriptBuildPhase;
			buildActionMask = 2147483647;
			files = (
			);
			inputFileListPaths = (
			);
			inputPaths = (
				"${PODS_PODFILE_DIR_PATH}/Podfile.lock",
				"${PODS_ROOT}/Manifest.lock",
			);
			name = "[CP] Check Pods Manifest.lock";
			outputFileListPaths = (
			);
			outputPaths = (
				"$(DERIVED_FILE_DIR)/Pods-AppStoreJsonApi-checkManifestLockResult.txt",
			);
			runOnlyForDeploymentPostprocessing = 0;
			shellPath = /bin/sh;
			shellScript = "diff \"${PODS_PODFILE_DIR_PATH}/Podfile.lock\" \"${PODS_ROOT}/Manifest.lock\" > /dev/null\nif [ $? != 0 ] ; then\n    # print error to STDERR\n    echo \"error: The sandbox is not in sync with the Podfile.lock. Run 'pod install' or update your CocoaPods installation.\" >&2\n    exit 1\nfi\n# This output is used by Xcode 'outputs' to avoid re-running this script phase.\necho \"SUCCESS\" > \"${SCRIPT_OUTPUT_FILE_0}\"\n";
			showEnvVarsInLog = 0;
		};
		E6231E5C2E19139F7EB092B6 /* [CP] Embed Pods Frameworks */ = {
			isa = PBXShellScriptBuildPhase;
			buildActionMask = 2147483647;
			files = (
			);
			inputFileListPaths = (
				"${PODS_ROOT}/Target Support Files/Pods-AppStoreJsonApi/Pods-AppStoreJsonApi-frameworks-${CONFIGURATION}-input-files.xcfilelist",
			);
			name = "[CP] Embed Pods Frameworks";
			outputFileListPaths = (
				"${PODS_ROOT}/Target Support Files/Pods-AppStoreJsonApi/Pods-AppStoreJsonApi-frameworks-${CONFIGURATION}-output-files.xcfilelist",
			);
			runOnlyForDeploymentPostprocessing = 0;
			shellPath = /bin/sh;
			shellScript = "\"${PODS_ROOT}/Target Support Files/Pods-AppStoreJsonApi/Pods-AppStoreJsonApi-frameworks.sh\"\n";
			showEnvVarsInLog = 0;
		};
/* End PBXShellScriptBuildPhase section */

/* Begin PBXSourcesBuildPhase section */
		172A1CDB22C920D20049AEEC /* Sources */ = {
			isa = PBXSourcesBuildPhase;
			buildActionMask = 2147483647;
			files = (
				17C09B48231D7D5D00FFE6B1 /* BaseListController.swift in Sources */,
				172A1CE322C920D30049AEEC /* AppDelegate.swift in Sources */,
				17C09B4C231D7FA200FFE6B1 /* AppsGroupCell.swift in Sources */,
				17D5B1C0233D198E00925E0B /* BetterSnappingLayout.swift in Sources */,
				175FDF5C2344F30700DDDA17 /* ReviewController.swift in Sources */,
				17C09B5423200DE000FFE6B1 /* AppsPageHeader.swift in Sources */,
				1749624222DE5C900086C1F2 /* Service.swift in Sources */,
				175FDF562343A0F900DDDA17 /* PreviewCell.swift in Sources */,
				172DA34023294E000016B476 /* SocialApp.swift in Sources */,
				17C09B58232011F800FFE6B1 /* AppHeaderCell.swift in Sources */,
				17C09B46231D7D4B00FFE6B1 /* AppsController.swift in Sources */,
				17D5B1C3233F905000925E0B /* AppDetailController.swift in Sources */,
				1749623F22DCE7A70086C1F2 /* SearchResult.swift in Sources */,
				175FDF5E2344F47400DDDA17 /* ReviewCell.swift in Sources */,
				1749623C22DB06440086C1F2 /* VerticalStackView.swift in Sources */,
				172A1CFB22CA73E90049AEEC /* AppsSearchCell.swift in Sources */,
				172A1CF522C921C10049AEEC /* BaseTabBarController.swift in Sources */,
				17C09B56232010AB00FFE6B1 /* AppsHeaderHorizontalController.swift in Sources */,
				172A1CF822CA54910049AEEC /* AppsSearchViewControllerCollectionViewController.swift in Sources */,
				172DA33E2322DFCD0016B476 /* AppGroup.swift in Sources */,
				17C09B50231ED5D400FFE6B1 /* AppRowCell.swift in Sources */,
				175FDF582343A61700DDDA17 /* PreviewScreenshotController.swift in Sources */,
				1749623A22DAFF370086C1F2 /* UIView+Layout.swift in Sources */,
				17C09B4E231D83DB00FFE6B1 /* AppsHorizontalController.swift in Sources */,
				17D5B1C6233F9ABF00925E0B /* AppDetailCell.swift in Sources */,
				1703355F2353908B00726458 /* Reviews.swift in Sources */,
				17C09B52231EE1E800FFE6B1 /* Extensions.swift in Sources */,
				175FDF5A2344F14400DDDA17 /* ReviewRowCell.swift in Sources */,
				17D5B1BE233D149F00925E0B /* HorizontalSnappingController.swift in Sources */,
			);
			runOnlyForDeploymentPostprocessing = 0;
		};
/* End PBXSourcesBuildPhase section */

/* Begin PBXVariantGroup section */
		172A1CE622C920D30049AEEC /* Main.storyboard */ = {
			isa = PBXVariantGroup;
			children = (
				172A1CE722C920D30049AEEC /* Base */,
			);
			name = Main.storyboard;
			sourceTree = "<group>";
		};
		172A1CEB22C920D70049AEEC /* LaunchScreen.storyboard */ = {
			isa = PBXVariantGroup;
			children = (
				172A1CEC22C920D70049AEEC /* Base */,
			);
			name = LaunchScreen.storyboard;
			sourceTree = "<group>";
		};
/* End PBXVariantGroup section */

/* Begin XCBuildConfiguration section */
		172A1CEF22C920D70049AEEC /* Debug */ = {
			isa = XCBuildConfiguration;
			buildSettings = {
				ALWAYS_SEARCH_USER_PATHS = NO;
				CLANG_ANALYZER_NONNULL = YES;
				CLANG_ANALYZER_NUMBER_OBJECT_CONVERSION = YES_AGGRESSIVE;
				CLANG_CXX_LANGUAGE_STANDARD = "gnu++14";
				CLANG_CXX_LIBRARY = "libc++";
				CLANG_ENABLE_MODULES = YES;
				CLANG_ENABLE_OBJC_ARC = YES;
				CLANG_ENABLE_OBJC_WEAK = YES;
				CLANG_WARN_BLOCK_CAPTURE_AUTORELEASING = YES;
				CLANG_WARN_BOOL_CONVERSION = YES;
				CLANG_WARN_COMMA = YES;
				CLANG_WARN_CONSTANT_CONVERSION = YES;
				CLANG_WARN_DEPRECATED_OBJC_IMPLEMENTATIONS = YES;
				CLANG_WARN_DIRECT_OBJC_ISA_USAGE = YES_ERROR;
				CLANG_WARN_DOCUMENTATION_COMMENTS = YES;
				CLANG_WARN_EMPTY_BODY = YES;
				CLANG_WARN_ENUM_CONVERSION = YES;
				CLANG_WARN_INFINITE_RECURSION = YES;
				CLANG_WARN_INT_CONVERSION = YES;
				CLANG_WARN_NON_LITERAL_NULL_CONVERSION = YES;
				CLANG_WARN_OBJC_IMPLICIT_RETAIN_SELF = YES;
				CLANG_WARN_OBJC_LITERAL_CONVERSION = YES;
				CLANG_WARN_OBJC_ROOT_CLASS = YES_ERROR;
				CLANG_WARN_RANGE_LOOP_ANALYSIS = YES;
				CLANG_WARN_STRICT_PROTOTYPES = YES;
				CLANG_WARN_SUSPICIOUS_MOVE = YES;
				CLANG_WARN_UNGUARDED_AVAILABILITY = YES_AGGRESSIVE;
				CLANG_WARN_UNREACHABLE_CODE = YES;
				CLANG_WARN__DUPLICATE_METHOD_MATCH = YES;
				CODE_SIGN_IDENTITY = "iPhone Developer";
				COPY_PHASE_STRIP = NO;
				DEBUG_INFORMATION_FORMAT = dwarf;
				ENABLE_STRICT_OBJC_MSGSEND = YES;
				ENABLE_TESTABILITY = YES;
				GCC_C_LANGUAGE_STANDARD = gnu11;
				GCC_DYNAMIC_NO_PIC = NO;
				GCC_NO_COMMON_BLOCKS = YES;
				GCC_OPTIMIZATION_LEVEL = 0;
				GCC_PREPROCESSOR_DEFINITIONS = (
					"DEBUG=1",
					"$(inherited)",
				);
				GCC_WARN_64_TO_32_BIT_CONVERSION = YES;
				GCC_WARN_ABOUT_RETURN_TYPE = YES_ERROR;
				GCC_WARN_UNDECLARED_SELECTOR = YES;
				GCC_WARN_UNINITIALIZED_AUTOS = YES_AGGRESSIVE;
				GCC_WARN_UNUSED_FUNCTION = YES;
				GCC_WARN_UNUSED_VARIABLE = YES;
				IPHONEOS_DEPLOYMENT_TARGET = 12.2;
				MTL_ENABLE_DEBUG_INFO = INCLUDE_SOURCE;
				MTL_FAST_MATH = YES;
				ONLY_ACTIVE_ARCH = YES;
				SDKROOT = iphoneos;
				SWIFT_ACTIVE_COMPILATION_CONDITIONS = DEBUG;
				SWIFT_OPTIMIZATION_LEVEL = "-Onone";
			};
			name = Debug;
		};
		172A1CF022C920D70049AEEC /* Release */ = {
			isa = XCBuildConfiguration;
			buildSettings = {
				ALWAYS_SEARCH_USER_PATHS = NO;
				CLANG_ANALYZER_NONNULL = YES;
				CLANG_ANALYZER_NUMBER_OBJECT_CONVERSION = YES_AGGRESSIVE;
				CLANG_CXX_LANGUAGE_STANDARD = "gnu++14";
				CLANG_CXX_LIBRARY = "libc++";
				CLANG_ENABLE_MODULES = YES;
				CLANG_ENABLE_OBJC_ARC = YES;
				CLANG_ENABLE_OBJC_WEAK = YES;
				CLANG_WARN_BLOCK_CAPTURE_AUTORELEASING = YES;
				CLANG_WARN_BOOL_CONVERSION = YES;
				CLANG_WARN_COMMA = YES;
				CLANG_WARN_CONSTANT_CONVERSION = YES;
				CLANG_WARN_DEPRECATED_OBJC_IMPLEMENTATIONS = YES;
				CLANG_WARN_DIRECT_OBJC_ISA_USAGE = YES_ERROR;
				CLANG_WARN_DOCUMENTATION_COMMENTS = YES;
				CLANG_WARN_EMPTY_BODY = YES;
				CLANG_WARN_ENUM_CONVERSION = YES;
				CLANG_WARN_INFINITE_RECURSION = YES;
				CLANG_WARN_INT_CONVERSION = YES;
				CLANG_WARN_NON_LITERAL_NULL_CONVERSION = YES;
				CLANG_WARN_OBJC_IMPLICIT_RETAIN_SELF = YES;
				CLANG_WARN_OBJC_LITERAL_CONVERSION = YES;
				CLANG_WARN_OBJC_ROOT_CLASS = YES_ERROR;
				CLANG_WARN_RANGE_LOOP_ANALYSIS = YES;
				CLANG_WARN_STRICT_PROTOTYPES = YES;
				CLANG_WARN_SUSPICIOUS_MOVE = YES;
				CLANG_WARN_UNGUARDED_AVAILABILITY = YES_AGGRESSIVE;
				CLANG_WARN_UNREACHABLE_CODE = YES;
				CLANG_WARN__DUPLICATE_METHOD_MATCH = YES;
				CODE_SIGN_IDENTITY = "iPhone Developer";
				COPY_PHASE_STRIP = NO;
				DEBUG_INFORMATION_FORMAT = "dwarf-with-dsym";
				ENABLE_NS_ASSERTIONS = NO;
				ENABLE_STRICT_OBJC_MSGSEND = YES;
				GCC_C_LANGUAGE_STANDARD = gnu11;
				GCC_NO_COMMON_BLOCKS = YES;
				GCC_WARN_64_TO_32_BIT_CONVERSION = YES;
				GCC_WARN_ABOUT_RETURN_TYPE = YES_ERROR;
				GCC_WARN_UNDECLARED_SELECTOR = YES;
				GCC_WARN_UNINITIALIZED_AUTOS = YES_AGGRESSIVE;
				GCC_WARN_UNUSED_FUNCTION = YES;
				GCC_WARN_UNUSED_VARIABLE = YES;
				IPHONEOS_DEPLOYMENT_TARGET = 12.2;
				MTL_ENABLE_DEBUG_INFO = NO;
				MTL_FAST_MATH = YES;
				SDKROOT = iphoneos;
				SWIFT_COMPILATION_MODE = wholemodule;
				SWIFT_OPTIMIZATION_LEVEL = "-O";
				VALIDATE_PRODUCT = YES;
			};
			name = Release;
		};
		172A1CF222C920D70049AEEC /* Debug */ = {
			isa = XCBuildConfiguration;
			baseConfigurationReference = 694596B772088E48D8A87565 /* Pods-AppStoreJsonApi.debug.xcconfig */;
			buildSettings = {
				ASSETCATALOG_COMPILER_APPICON_NAME = AppIcon;
				CODE_SIGN_STYLE = Automatic;
				DEVELOPMENT_TEAM = DMUX4KT6RG;
				INFOPLIST_FILE = AppStoreJsonApi/Info.plist;
				LD_RUNPATH_SEARCH_PATHS = (
					"$(inherited)",
					"@executable_path/Frameworks",
				);
				PRODUCT_BUNDLE_IDENTIFIER = com.RokurouC.AppStoreJsonApi;
				PRODUCT_NAME = "$(TARGET_NAME)";
				SWIFT_VERSION = 5.0;
				TARGETED_DEVICE_FAMILY = 1;
			};
			name = Debug;
		};
		172A1CF322C920D70049AEEC /* Release */ = {
			isa = XCBuildConfiguration;
			baseConfigurationReference = C2C6C3E7BE050C08736E953D /* Pods-AppStoreJsonApi.release.xcconfig */;
			buildSettings = {
				ASSETCATALOG_COMPILER_APPICON_NAME = AppIcon;
				CODE_SIGN_STYLE = Automatic;
				DEVELOPMENT_TEAM = DMUX4KT6RG;
				INFOPLIST_FILE = AppStoreJsonApi/Info.plist;
				LD_RUNPATH_SEARCH_PATHS = (
					"$(inherited)",
					"@executable_path/Frameworks",
				);
				PRODUCT_BUNDLE_IDENTIFIER = com.RokurouC.AppStoreJsonApi;
				PRODUCT_NAME = "$(TARGET_NAME)";
				SWIFT_VERSION = 5.0;
				TARGETED_DEVICE_FAMILY = 1;
			};
			name = Release;
		};
/* End XCBuildConfiguration section */

/* Begin XCConfigurationList section */
		172A1CDA22C920D20049AEEC /* Build configuration list for PBXProject "AppStoreJsonApi" */ = {
			isa = XCConfigurationList;
			buildConfigurations = (
				172A1CEF22C920D70049AEEC /* Debug */,
				172A1CF022C920D70049AEEC /* Release */,
			);
			defaultConfigurationIsVisible = 0;
			defaultConfigurationName = Release;
		};
		172A1CF122C920D70049AEEC /* Build configuration list for PBXNativeTarget "AppStoreJsonApi" */ = {
			isa = XCConfigurationList;
			buildConfigurations = (
				172A1CF222C920D70049AEEC /* Debug */,
				172A1CF322C920D70049AEEC /* Release */,
			);
			defaultConfigurationIsVisible = 0;
			defaultConfigurationName = Release;
		};
/* End XCConfigurationList section */
	};
	rootObject = 172A1CD722C920D20049AEEC /* Project object */;
}
